
Microsoft Visual Studio Solution File, Format Version 12.00
# Visual Studio Version 16
VisualStudioVersion = 16.0.31112.23
MinimumVisualStudioVersion = 10.0.40219.1
Project("{FAE04EC0-301F-11D3-BF4B-00C04F79EFBC}") = "WpfApp5", "WpfApp5\WpfApp5.csproj", "{10479D9D-FB0C-4494-87FB-9BEF03A1C510}"
EndProject
Global
	GlobalSection(SolutionConfigurationPlatforms) = preSolution
		Debug|Any CPU = Debug|Any CPU
		Release|Any CPU = Release|Any CPU
	EndGlobalSection
	GlobalSection(ProjectConfigurationPlatforms) = postSolution
		{10479D9D-FB0C-4494-87FB-9BEF03A1C510}.Debug|Any CPU.ActiveCfg = Debug|Any CPU
		{10479D9D-FB0C-4494-87FB-9BEF03A1C510}.Debug|Any CPU.Build.0 = Debug|Any CPU
		{10479D9D-FB0C-4494-87FB-9BEF03A1C510}.Release|Any CPU.ActiveCfg = Release|Any CPU
		{10479D9D-FB0C-4494-87FB-9BEF03A1C510}.Release|Any CPU.Build.0 = Release|Any CPU
	EndGlobalSection
	GlobalSection(SolutionProperties) = preSolution
		HideSolutionNode = FALSE
	EndGlobalSection
	GlobalSection(ExtensibilityGlobals) = postSolution
		SolutionGuid = {BBD84919-B21F-4CFB-B184-4236392836CC}
	EndGlobalSection
EndGlobal
